
Microsoft Visual Studio Solution File, Format Version 12.00
# Visual Studio Version 17
VisualStudioVersion = 17.3.32929.385
MinimumVisualStudioVersion = 10.0.40219.1
Project("{9A19103F-16F7-4668-BE54-9A1E7A4F7556}") = "Orders.Api", "Orders.Api\Orders.Api.csproj", "{F790BFF5-26B3-4EA1-8D41-AA8689124210}"
EndProject
Project("{9A19103F-16F7-4668-BE54-9A1E7A4F7556}") = "Orders.Data", "Orders.Data\Orders.Data.csproj", "{809BC4DB-4981-4BB8-8715-941F071DA04B}"
EndProject
Project("{9A19103F-16F7-4668-BE54-9A1E7A4F7556}") = "Orders.Data.Migrations", "Orders.Data.Migrations\Orders.Data.Migrations.csproj", "{4E2DADF3-4A91-4E44-ADE6-CC28459BDEE8}"
EndProject
Project("{FAE04EC0-301F-11D3-BF4B-00C04F79EFBC}") = "Orders.Api.Contracts", "Orders.Api.Contracts\Orders.Api.Contracts.csproj", "{73E3F1DC-8200-4F72-9612-76A44B2DC616}"
EndProject
Project("{FAE04EC0-301F-11D3-BF4B-00C04F79EFBC}") = "Orders.MvcApp", "Orders.MvcApp\Orders.MvcApp.csproj", "{7960A816-5EC7-46F4-B40F-567C333C5ADB}"
EndProject
Global
	GlobalSection(SolutionConfigurationPlatforms) = preSolution
		Debug|Any CPU = Debug|Any CPU
		Release|Any CPU = Release|Any CPU
	EndGlobalSection
	GlobalSection(ProjectConfigurationPlatforms) = postSolution
		{F790BFF5-26B3-4EA1-8D41-AA8689124210}.Debug|Any CPU.ActiveCfg = Debug|Any CPU
		{F790BFF5-26B3-4EA1-8D41-AA8689124210}.Debug|Any CPU.Build.0 = Debug|Any CPU
		{F790BFF5-26B3-4EA1-8D41-AA8689124210}.Release|Any CPU.ActiveCfg = Release|Any CPU
		{F790BFF5-26B3-4EA1-8D41-AA8689124210}.Release|Any CPU.Build.0 = Release|Any CPU
		{809BC4DB-4981-4BB8-8715-941F071DA04B}.Debug|Any CPU.ActiveCfg = Debug|Any CPU
		{809BC4DB-4981-4BB8-8715-941F071DA04B}.Debug|Any CPU.Build.0 = Debug|Any CPU
		{809BC4DB-4981-4BB8-8715-941F071DA04B}.Release|Any CPU.ActiveCfg = Release|Any CPU
		{809BC4DB-4981-4BB8-8715-941F071DA04B}.Release|Any CPU.Build.0 = Release|Any CPU
		{4E2DADF3-4A91-4E44-ADE6-CC28459BDEE8}.Debug|Any CPU.ActiveCfg = Debug|Any CPU
		{4E2DADF3-4A91-4E44-ADE6-CC28459BDEE8}.Debug|Any CPU.Build.0 = Debug|Any CPU
		{4E2DADF3-4A91-4E44-ADE6-CC28459BDEE8}.Release|Any CPU.ActiveCfg = Release|Any CPU
		{4E2DADF3-4A91-4E44-ADE6-CC28459BDEE8}.Release|Any CPU.Build.0 = Release|Any CPU
		{73E3F1DC-8200-4F72-9612-76A44B2DC616}.Debug|Any CPU.ActiveCfg = Debug|Any CPU
		{73E3F1DC-8200-4F72-9612-76A44B2DC616}.Debug|Any CPU.Build.0 = Debug|Any CPU
		{73E3F1DC-8200-4F72-9612-76A44B2DC616}.Release|Any CPU.ActiveCfg = Release|Any CPU
		{73E3F1DC-8200-4F72-9612-76A44B2DC616}.Release|Any CPU.Build.0 = Release|Any CPU
		{7960A816-5EC7-46F4-B40F-567C333C5ADB}.Debug|Any CPU.ActiveCfg = Debug|Any CPU
		{7960A816-5EC7-46F4-B40F-567C333C5ADB}.Debug|Any CPU.Build.0 = Debug|Any CPU
		{7960A816-5EC7-46F4-B40F-567C333C5ADB}.Release|Any CPU.ActiveCfg = Release|Any CPU
		{7960A816-5EC7-46F4-B40F-567C333C5ADB}.Release|Any CPU.Build.0 = Release|Any CPU
	EndGlobalSection
	GlobalSection(SolutionProperties) = preSolution
		HideSolutionNode = FALSE
	EndGlobalSection
	GlobalSection(ExtensibilityGlobals) = postSolution
		SolutionGuid = {FCB6E4D6-2DEE-4FFA-97DC-C3AC4D2ECA20}
	EndGlobalSection
EndGlobal
